{
  "name": "wechat-app-mall",
  "version": "8.3.0",
  "lockfileVersion": 1,
  "requires": true,
  "dependencies": {
    "@vant/weapp": {
      "version": "1.4.2",
      "resolved": "https://registry.npm.taobao.org/@vant/weapp/download/@vant/weapp-1.4.2.tgz",
      "integrity": "sha1-9Oh88pLXzt1dCngT4EJZIypwbnA="
    },
    "apifm-wxapi": {
      "version": "3.12.0",
      "resolved": "https://registry.npm.taobao.org/apifm-wxapi/download/apifm-wxapi-3.12.0.tgz",
      "integrity": "sha1-MSGaBHFj+ZdepEOueKsVT+560fk="
    },
    "wxa-plugin-canvas": {
      "version": "1.1.12",
      "resolved": "https://registry.npm.taobao.org/wxa-plugin-canvas/download/wxa-plugin-canvas-1.1.12.tgz",
      "integrity": "sha1-Y5qYV+SEnKa6w1UsltVEG+ueKPY="
    },
    "wxbarcode": {
      "version": "1.0.2",
      "resolved": "https://registry.npm.taobao.org/wxbarcode/download/wxbarcode-1.0.2.tgz",
      "integrity": "sha1-zgLjSP8AYwHZIBd21sn1rZATFLU="
    }
  }
}
